{
  "name": "decemsg-web",
  "version": "0.1.0",
  "lockfileVersion": 3,
  "requires": true,
  "packages": {
    "": {
      "name": "decemsg-web",
      "version": "0.1.0",
      "license": "Apache-2.0",
      "dependencies": {
        "@matrix-org/matrix-sdk-crypto-wasm": "18.4.0"
      },
      "engines": { "node": ">=20" }
    },
    "node_modules/@matrix-org/matrix-sdk-crypto-wasm": {
      "version": "18.4.0",
      "resolved": "https://registry.npmjs.org/@matrix-org/matrix-sdk-crypto-wasm/-/matrix-sdk-crypto-wasm-18.4.0.tgz",
      "integrity": "sha512-osxkU1DQ+05+anGHapjWyvZqdHUb94Id37gy54mCKn1Cq/D7iGT5oEUEhjp4oTnCLo4TOtI6ULJ/LHsapaIptQ==",
      "engines": { "node": ">=18" }
    }
  }
}
